{
    "_readme": [
        "This file locks the dependencies of your project to a known state",
        "Read more about it at http://getcomposer.org/doc/01-basic-usage.md#composer-lock-the-lock-file"
    ],
    "hash": "5a268ee0df2196d3ff7ae42ab569f09e",
    "packages": [
        {
            "name": "catfan/medoo",
            "version": "dev-develop",
            "source": {
                "type": "git",
                "url": "https://github.com/catfan/Medoo.git",
                "reference": "485aab20000b2df889407373965ebdb598cb58ec"
            },
            "dist": {
                "type": "zip",
                "url": "https://api.github.com/repos/catfan/Medoo/zipball/485aab20000b2df889407373965ebdb598cb58ec",
                "reference": "485aab20000b2df889407373965ebdb598cb58ec",
                "shasum": ""
            },
            "require": {
                "ext-pdo": "*",
                "php": ">=5.1"
            },
            "suggest": {
                "ext-pdo-mysql": "For MySQL or MariaDB databases",
                "ext-pdo-pqsql": "For PostgreSQL databases",
                "ext-pdo-sqlite": "For SQLite databases",
                "ext-pdo_dblib": "For MSSQL databases on Liunx/UNIX platform",
                "ext-pdo_sqlsrv": "For MSSQL databases on Windows platform"
            },
            "type": "framework",
            "autoload": {
                "files": [
                    "medoo.php"
                ]
            },
            "notification-url": "http://packagist.org/downloads/",
            "license": [
                "MIT"
            ],
            "authors": [
                {
                    "name": "Angel Lai",
                    "email": "angel.lai.cat@gmail.com"
                }
            ],
            "description": "The Lightest PHP database framework to accelerate development",
            "homepage": "http://medoo.in",
            "keywords": [
                "database",
                "mssql",
                "mysql",
                "sql",
                "sqlite"
            ],
            "time": "2014-02-16 17:11:30"
        }
    ],
    "packages-dev": [

    ],
    "aliases": [

    ],
    "minimum-stability": "stable",
    "stability-flags": {
        "catfan/medoo": 20
    },
    "platform": [

    ],
    "platform-dev": [

    ]
}
